
Microsoft Visual Studio Solution File, Format Version 12.00
# Visual Studio 14
VisualStudioVersion = 14.0.25123.0
MinimumVisualStudioVersion = 10.0.40219.1
Project("{FAE04EC0-301F-11D3-BF4B-00C04F79EFBC}") = "TestCore", "TestCore\TestCore.csproj", "{10E3F476-C18A-40AB-91A9-35BE541EAB40}"
EndProject
Project("{FAE04EC0-301F-11D3-BF4B-00C04F79EFBC}") = "Tester", "Tester\Tester.csproj", "{37BC6A84-D050-4C66-8BE1-8CB8294DE21F}"
EndProject
Project("{FAE04EC0-301F-11D3-BF4B-00C04F79EFBC}") = "FileManager", "FileManager\FileManager.csproj", "{F233C622-049C-4C05-8802-DA9C0797A058}"
EndProject
Project("{FAE04EC0-301F-11D3-BF4B-00C04F79EFBC}") = "XMLFactory", "XMLFactory\XMLFactory.csproj", "{0B052889-61F7-401C-80BC-F8B79B7336B9}"
EndProject
Project("{FAE04EC0-301F-11D3-BF4B-00C04F79EFBC}") = "Driver", "Driver\Driver.csproj", "{8A203AC0-1395-476C-A43B-6609393AF095}"
EndProject
Project("{FAE04EC0-301F-11D3-BF4B-00C04F79EFBC}") = "SourceCode", "SourceCode\SourceCode.csproj", "{11BB6495-18F8-4C3E-B47E-7B4059E993C2}"
EndProject
Project("{FAE04EC0-301F-11D3-BF4B-00C04F79EFBC}") = "ITest", "TestInterface\ITest.csproj", "{F437A047-F69C-4DA2-9DA4-75CDAAFA92A4}"
EndProject
Project("{FAE04EC0-301F-11D3-BF4B-00C04F79EFBC}") = "Logger", "Logger\Logger.csproj", "{321B64E5-5B7D-4BAE-AF74-A01D2EC46AF4}"
EndProject
Global
	GlobalSection(SolutionConfigurationPlatforms) = preSolution
		Debug|Any CPU = Debug|Any CPU
		Release|Any CPU = Release|Any CPU
	EndGlobalSection
	GlobalSection(ProjectConfigurationPlatforms) = postSolution
		{10E3F476-C18A-40AB-91A9-35BE541EAB40}.Debug|Any CPU.ActiveCfg = Debug|Any CPU
		{10E3F476-C18A-40AB-91A9-35BE541EAB40}.Debug|Any CPU.Build.0 = Debug|Any CPU
		{10E3F476-C18A-40AB-91A9-35BE541EAB40}.Release|Any CPU.ActiveCfg = Release|Any CPU
		{10E3F476-C18A-40AB-91A9-35BE541EAB40}.Release|Any CPU.Build.0 = Release|Any CPU
		{37BC6A84-D050-4C66-8BE1-8CB8294DE21F}.Debug|Any CPU.ActiveCfg = Debug|Any CPU
		{37BC6A84-D050-4C66-8BE1-8CB8294DE21F}.Debug|Any CPU.Build.0 = Debug|Any CPU
		{37BC6A84-D050-4C66-8BE1-8CB8294DE21F}.Release|Any CPU.ActiveCfg = Release|Any CPU
		{37BC6A84-D050-4C66-8BE1-8CB8294DE21F}.Release|Any CPU.Build.0 = Release|Any CPU
		{F233C622-049C-4C05-8802-DA9C0797A058}.Debug|Any CPU.ActiveCfg = Debug|Any CPU
		{F233C622-049C-4C05-8802-DA9C0797A058}.Debug|Any CPU.Build.0 = Debug|Any CPU
		{F233C622-049C-4C05-8802-DA9C0797A058}.Release|Any CPU.ActiveCfg = Release|Any CPU
		{F233C622-049C-4C05-8802-DA9C0797A058}.Release|Any CPU.Build.0 = Release|Any CPU
		{0B052889-61F7-401C-80BC-F8B79B7336B9}.Debug|Any CPU.ActiveCfg = Debug|Any CPU
		{0B052889-61F7-401C-80BC-F8B79B7336B9}.Debug|Any CPU.Build.0 = Debug|Any CPU
		{0B052889-61F7-401C-80BC-F8B79B7336B9}.Release|Any CPU.ActiveCfg = Release|Any CPU
		{0B052889-61F7-401C-80BC-F8B79B7336B9}.Release|Any CPU.Build.0 = Release|Any CPU
		{8A203AC0-1395-476C-A43B-6609393AF095}.Debug|Any CPU.ActiveCfg = Debug|Any CPU
		{8A203AC0-1395-476C-A43B-6609393AF095}.Debug|Any CPU.Build.0 = Debug|Any CPU
		{8A203AC0-1395-476C-A43B-6609393AF095}.Release|Any CPU.ActiveCfg = Release|Any CPU
		{8A203AC0-1395-476C-A43B-6609393AF095}.Release|Any CPU.Build.0 = Release|Any CPU
		{11BB6495-18F8-4C3E-B47E-7B4059E993C2}.Debug|Any CPU.ActiveCfg = Debug|Any CPU
		{11BB6495-18F8-4C3E-B47E-7B4059E993C2}.Debug|Any CPU.Build.0 = Debug|Any CPU
		{11BB6495-18F8-4C3E-B47E-7B4059E993C2}.Release|Any CPU.ActiveCfg = Release|Any CPU
		{11BB6495-18F8-4C3E-B47E-7B4059E993C2}.Release|Any CPU.Build.0 = Release|Any CPU
		{F437A047-F69C-4DA2-9DA4-75CDAAFA92A4}.Debug|Any CPU.ActiveCfg = Debug|Any CPU
		{F437A047-F69C-4DA2-9DA4-75CDAAFA92A4}.Debug|Any CPU.Build.0 = Debug|Any CPU
		{F437A047-F69C-4DA2-9DA4-75CDAAFA92A4}.Release|Any CPU.ActiveCfg = Release|Any CPU
		{F437A047-F69C-4DA2-9DA4-75CDAAFA92A4}.Release|Any CPU.Build.0 = Release|Any CPU
		{321B64E5-5B7D-4BAE-AF74-A01D2EC46AF4}.Debug|Any CPU.ActiveCfg = Debug|Any CPU
		{321B64E5-5B7D-4BAE-AF74-A01D2EC46AF4}.Debug|Any CPU.Build.0 = Debug|Any CPU
		{321B64E5-5B7D-4BAE-AF74-A01D2EC46AF4}.Release|Any CPU.ActiveCfg = Release|Any CPU
		{321B64E5-5B7D-4BAE-AF74-A01D2EC46AF4}.Release|Any CPU.Build.0 = Release|Any CPU
	EndGlobalSection
	GlobalSection(SolutionProperties) = preSolution
		HideSolutionNode = FALSE
	EndGlobalSection
EndGlobal
